
Microsoft Visual Studio Solution File, Format Version 11.00
# Visual Studio 2010
Project("{FAE04EC0-301F-11D3-BF4B-00C04F79EFBC}") = "Gestiune Cheltuieli", "Gestiune Cheltuieli.csproj", "{EAFE9ADD-F715-4290-A094-AF3C46C0AE74}"
EndProject
Project("{FAE04EC0-301F-11D3-BF4B-00C04F79EFBC}") = "TestProject1", "TestProject1\TestProject1.csproj", "{E06CFEDE-D133-4910-9DA2-4EAD12954037}"
EndProject
Project("{2150E333-8FDC-42A3-9474-1A3956D46DE8}") = "Solution Items", "Solution Items", "{A2595C57-D495-4EB6-B6CD-7C9D5E5F3657}"
	ProjectSection(SolutionItems) = preProject
		Gestiune Cheltuieli.vsmdi = Gestiune Cheltuieli.vsmdi
		Local.testsettings = Local.testsettings
		TraceAndTestImpact.testsettings = TraceAndTestImpact.testsettings
	EndProjectSection
EndProject
Global
	GlobalSection(TestCaseManagementSettings) = postSolution
		CategoryFile = Gestiune Cheltuieli.vsmdi
	EndGlobalSection
	GlobalSection(SolutionConfigurationPlatforms) = preSolution
		Debug|Any CPU = Debug|Any CPU
		Debug|Mixed Platforms = Debug|Mixed Platforms
		Debug|x86 = Debug|x86
		Release|Any CPU = Release|Any CPU
		Release|Mixed Platforms = Release|Mixed Platforms
		Release|x86 = Release|x86
	EndGlobalSection
	GlobalSection(ProjectConfigurationPlatforms) = postSolution
		{EAFE9ADD-F715-4290-A094-AF3C46C0AE74}.Debug|Any CPU.ActiveCfg = Debug|x86
		{EAFE9ADD-F715-4290-A094-AF3C46C0AE74}.Debug|Mixed Platforms.ActiveCfg = Debug|x86
		{EAFE9ADD-F715-4290-A094-AF3C46C0AE74}.Debug|Mixed Platforms.Build.0 = Debug|x86
		{EAFE9ADD-F715-4290-A094-AF3C46C0AE74}.Debug|x86.ActiveCfg = Debug|x86
		{EAFE9ADD-F715-4290-A094-AF3C46C0AE74}.Debug|x86.Build.0 = Debug|x86
		{EAFE9ADD-F715-4290-A094-AF3C46C0AE74}.Release|Any CPU.ActiveCfg = Release|x86
		{EAFE9ADD-F715-4290-A094-AF3C46C0AE74}.Release|Mixed Platforms.ActiveCfg = Release|x86
		{EAFE9ADD-F715-4290-A094-AF3C46C0AE74}.Release|Mixed Platforms.Build.0 = Release|x86
		{EAFE9ADD-F715-4290-A094-AF3C46C0AE74}.Release|x86.ActiveCfg = Release|x86
		{EAFE9ADD-F715-4290-A094-AF3C46C0AE74}.Release|x86.Build.0 = Release|x86
		{E06CFEDE-D133-4910-9DA2-4EAD12954037}.Debug|Any CPU.ActiveCfg = Debug|Any CPU
		{E06CFEDE-D133-4910-9DA2-4EAD12954037}.Debug|Any CPU.Build.0 = Debug|Any CPU
		{E06CFEDE-D133-4910-9DA2-4EAD12954037}.Debug|Mixed Platforms.ActiveCfg = Debug|Any CPU
		{E06CFEDE-D133-4910-9DA2-4EAD12954037}.Debug|Mixed Platforms.Build.0 = Debug|Any CPU
		{E06CFEDE-D133-4910-9DA2-4EAD12954037}.Debug|x86.ActiveCfg = Debug|Any CPU
		{E06CFEDE-D133-4910-9DA2-4EAD12954037}.Release|Any CPU.ActiveCfg = Release|Any CPU
		{E06CFEDE-D133-4910-9DA2-4EAD12954037}.Release|Any CPU.Build.0 = Release|Any CPU
		{E06CFEDE-D133-4910-9DA2-4EAD12954037}.Release|Mixed Platforms.ActiveCfg = Release|Any CPU
		{E06CFEDE-D133-4910-9DA2-4EAD12954037}.Release|Mixed Platforms.Build.0 = Release|Any CPU
		{E06CFEDE-D133-4910-9DA2-4EAD12954037}.Release|x86.ActiveCfg = Release|Any CPU
	EndGlobalSection
	GlobalSection(SolutionProperties) = preSolution
		HideSolutionNode = FALSE
	EndGlobalSection
EndGlobal
